// !$*UTF8*$!
{
	archiveVersion = 1;
	classes = {
	};
	objectVersion = 56;
	objects = {

/* Begin PBXBuildFile section */
		6F01C3BF2E828007006C5914 /* helloApp.swift in Sources */ = {isa = PBXBuildFile; fileRef = 6F01C3BE2E828007006C5914 /* helloApp.swift */; };
		6F01C3C12E828007006C5914 /* ContentView.swift in Sources */ = {isa = PBXBuildFile; fileRef = 6F01C3C02E828007006C5914 /* ContentView.swift */; };
		6F01C3C32E82800A006C5914 /* Assets.xcassets in Resources */ = {isa = PBXBuildFile; fileRef = 6F01C3C22E82800A006C5914 /* Assets.xcassets */; };
		6F01C3C62E82800A006C5914 /* Preview Assets.xcassets in Resources */ = {isa = PBXBuildFile; fileRef = 6F01C3C52E82800A006C5914 /* Preview Assets.xcassets */; };
		6F01C3D02E82800B006C5914 /* helloTests.swift in Sources */ = {isa = PBXBuildFile; fileRef = 6F01C3CF2E82800B006C5914 /* helloTests.swift */; };
		6F01C3DA2E82800B006C5914 /* helloUITests.swift in Sources */ = {isa = PBXBuildFile; fileRef = 6F01C3D92E82800B006C5914 /* helloUITests.swift */; };
		6F01C3DC2E82800B006C5914 /* helloUITestsLaunchTests.swift in Sources */ = {isa = PBXBuildFile; fileRef = 6F01C3DB2E82800B006C5914 /* helloUITestsLaunchTests.swift */; };
/* End PBXBuildFile section */

/* Begin PBXContainerItemProxy section */
		6F01C3CC2E82800B006C5914 /* PBXContainerItemProxy */ = {
			isa = PBXContainerItemProxy;
			containerPortal = 6F01C3B32E828007006C5914 /* Project object */;
			proxyType = 1;
			remoteGlobalIDString = 6F01C3BA2E828007006C5914;
			remoteInfo = hello;
		};
		6F01C3D62E82800B006C5914 /* PBXContainerItemProxy */ = {
			isa = PBXContainerItemProxy;
			containerPortal = 6F01C3B32E828007006C5914 /* Project object */;
			proxyType = 1;
			remoteGlobalIDString = 6F01C3BA2E828007006C5914;
			remoteInfo = hello;
		};
/* End PBXContainerItemProxy section */

/* Begin PBXFileReference section */
		6F01C3BB2E828007006C5914 /* hello.app */ = {isa = PBXFileReference; explicitFileType = wrapper.application; includeInIndex = 0; path = hello.app; sourceTree = BUILT_PRODUCTS_DIR; };
		6F01C3BE2E828007006C5914 /* helloApp.swift */ = {isa = PBXFileReference; lastKnownFileType = sourcecode.swift; path = helloApp.swift; sourceTree = "<group>"; };
		6F01C3C02E828007006C5914 /* ContentView.swift */ = {isa = PBXFileReference; lastKnownFileType = sourcecode.swift; path = ContentView.swift; sourceTree = "<group>"; };
		6F01C3C22E82800A006C5914 /* Assets.xcassets */ = {isa = PBXFileReference; lastKnownFileType = folder.assetcatalog; path = Assets.xcassets; sourceTree = "<group>"; };
		6F01C3C52E82800A006C5914 /* Preview Assets.xcassets */ = {isa = PBXFileReference; lastKnownFileType = folder.assetcatalog; path = "Preview Assets.xcassets"; sourceTree = "<group>"; };
		6F01C3CB2E82800B006C5914 /* helloTests.xctest */ = {isa = PBXFileReference; explicitFileType = wrapper.cfbundle; includeInIndex = 0; path = helloTests.xctest; sourceTree = BUILT_PRODUCTS_DIR; };
		6F01C3CF2E82800B006C5914 /* helloTests.swift */ = {isa = PBXFileReference; lastKnownFileType = sourcecode.swift; path = helloTests.swift; sourceTree = "<group>"; };
		6F01C3D52E82800B006C5914 /* helloUITests.xctest */ = {isa = PBXFileReference; explicitFileType = wrapper.cfbundle; includeInIndex = 0; path = helloUITests.xctest; sourceTree = BUILT_PRODUCTS_DIR; };
		6F01C3D92E82800B006C5914 /* helloUITests.swift */ = {isa = PBXFileReference; lastKnownFileType = sourcecode.swift; path = helloUITests.swift; sourceTree = "<group>"; };
		6F01C3DB2E82800B006C5914 /* helloUITestsLaunchTests.swift */ = {isa = PBXFileReference; lastKnownFileType = sourcecode.swift; path = helloUITestsLaunchTests.swift; sourceTree = "<group>"; };
/* End PBXFileReference section */

/* Begin PBXFrameworksBuildPhase section */
		6F01C3B82E828007006C5914 /* Frameworks */ = {
			isa = PBXFrameworksBuildPhase;
			buildActionMask = 2147483647;
			files = (
			);
			runOnlyForDeploymentPostprocessing = 0;
		};
		6F01C3C82E82800B006C5914 /* Frameworks */ = {
			isa = PBXFrameworksBuildPhase;
			buildActionMask = 2147483647;
			files = (
			);
			runOnlyForDeploymentPostprocessing = 0;
		};
		6F01C3D22E82800B006C5914 /* Frameworks */ = {
			isa = PBXFrameworksBuildPhase;
			buildActionMask = 2147483647;
			files = (
			);
			runOnlyForDeploymentPostprocessing = 0;
		};
/* End PBXFrameworksBuildPhase section */

/* Begin PBXGroup section */
		6F01C3B22E828007006C5914 = {
			isa = PBXGroup;
			children = (
				6F01C3BD2E828007006C5914 /* hello */,
				6F01C3CE2E82800B006C5914 /* helloTests */,
				6F01C3D82E82800B006C5914 /* helloUITests */,
				6F01C3BC2E828007006C5914 /* Products */,
			);
			sourceTree = "<group>";
		};
		6F01C3BC2E828007006C5914 /* Products */ = {
			isa = PBXGroup;
			children = (
				6F01C3BB2E828007006C5914 /* hello.app */,
				6F01C3CB2E82800B006C5914 /* helloTests.xctest */,
				6F01C3D52E82800B006C5914 /* helloUITests.xctest */,
			);
			name = Products;
			sourceTree = "<group>";
		};
		6F01C3BD2E828007006C5914 /* hello */ = {
			isa = PBXGroup;
			children = (
				6F01C3BE2E828007006C5914 /* helloApp.swift */,
				6F01C3C02E828007006C5914 /* ContentView.swift */,
				6F01C3C22E82800A006C5914 /* Assets.xcassets */,
				6F01C3C42E82800A006C5914 /* Preview Content */,
			);
			path = hello;
			sourceTree = "<group>";
		};
		6F01C3C42E82800A006C5914 /* Preview Content */ = {
			isa = PBXGroup;
			children = (
				6F01C3C52E82800A006C5914 /* Preview Assets.xcassets */,
			);
			path = "Preview Content";
			sourceTree = "<group>";
		};
		6F01C3CE2E82800B006C5914 /* helloTests */ = {
			isa = PBXGroup;
			children = (
				6F01C3CF2E82800B006C5914 /* helloTests.swift */,
			);
			path = helloTests;
			sourceTree = "<group>";
		};
		6F01C3D82E82800B006C5914 /* helloUITests */ = {
			isa = PBXGroup;
			children = (
				6F01C3D92E82800B006C5914 /* helloUITests.swift */,
				6F01C3DB2E82800B006C5914 /* helloUITestsLaunchTests.swift */,
			);
			path = helloUITests;
			sourceTree = "<group>";
		};
/* End PBXGroup section */

/* Begin PBXNativeTarget section */
		6F01C3BA2E828007006C5914 /* hello */ = {
			isa = PBXNativeTarget;
			buildConfigurationList = 6F01C3DF2E82800B006C5914 /* Build configuration list for PBXNativeTarget "hello" */;
			buildPhases = (
				6F01C3B72E828007006C5914 /* Sources */,
				6F01C3B82E828007006C5914 /* Frameworks */,
				6F01C3B92E828007006C5914 /* Resources */,
			);
			buildRules = (
			);
			dependencies = (
			);
			name = hello;
			productName = hello;
			productReference = 6F01C3BB2E828007006C5914 /* hello.app */;
			productType = "com.apple.product-type.application";
		};
		6F01C3CA2E82800B006C5914 /* helloTests */ = {
			isa = PBXNativeTarget;
			buildConfigurationList = 6F01C3E22E82800B006C5914 /* Build configuration list for PBXNativeTarget "helloTests" */;
			buildPhases = (
				6F01C3C72E82800B006C5914 /* Sources */,
				6F01C3C82E82800B006C5914 /* Frameworks */,
				6F01C3C92E82800B006C5914 /* Resources */,
			);
			buildRules = (
			);
			dependencies = (
				6F01C3CD2E82800B006C5914 /* PBXTargetDependency */,
			);
			name = helloTests;
			productName = helloTests;
			productReference = 6F01C3CB2E82800B006C5914 /* helloTests.xctest */;
			productType = "com.apple.product-type.bundle.unit-test";
		};
		6F01C3D42E82800B006C5914 /* helloUITests */ = {
			isa = PBXNativeTarget;
			buildConfigurationList = 6F01C3E52E82800B006C5914 /* Build configuration list for PBXNativeTarget "helloUITests" */;
			buildPhases = (
				6F01C3D12E82800B006C5914 /* Sources */,
				6F01C3D22E82800B006C5914 /* Frameworks */,
				6F01C3D32E82800B006C5914 /* Resources */,
			);
			buildRules = (
			);
			dependencies = (
				6F01C3D72E82800B006C5914 /* PBXTargetDependency */,
			);
			name = helloUITests;
			productName = helloUITests;
			productReference = 6F01C3D52E82800B006C5914 /* helloUITests.xctest */;
			productType = "com.apple.product-type.bundle.ui-testing";
		};
/* End PBXNativeTarget section */

/* Begin PBXProject section */
		6F01C3B32E828007006C5914 /* Project object */ = {
			isa = PBXProject;
			attributes = {
				BuildIndependentTargetsInParallel = 1;
				LastSwiftUpdateCheck = 1520;
				LastUpgradeCheck = 1520;
				TargetAttributes = {
					6F01C3BA2E828007006C5914 = {
						CreatedOnToolsVersion = 15.2;
					};
					6F01C3CA2E82800B006C5914 = {
						CreatedOnToolsVersion = 15.2;
						TestTargetID = 6F01C3BA2E828007006C5914;
					};
					6F01C3D42E82800B006C5914 = {
						CreatedOnToolsVersion = 15.2;
						TestTargetID = 6F01C3BA2E828007006C5914;
					};
				};
			};
			buildConfigurationList = 6F01C3B62E828007006C5914 /* Build configuration list for PBXProject "hello" */;
			compatibilityVersion = "Xcode 14.0";
			developmentRegion = en;
			hasScannedForEncodings = 0;
			knownRegions = (
				en,
				Base,
			);
			mainGroup = 6F01C3B22E828007006C5914;
			productRefGroup = 6F01C3BC2E828007006C5914 /* Products */;
			projectDirPath = "";
			projectRoot = "";
			targets = (
				6F01C3BA2E828007006C5914 /* hello */,
				6F01C3CA2E82800B006C5914 /* helloTests */,
				6F01C3D42E82800B006C5914 /* helloUITests */,
			);
		};
/* End PBXProject section */

/* Begin PBXResourcesBuildPhase section */
		6F01C3B92E828007006C5914 /* Resources */ = {
			isa = PBXResourcesBuildPhase;
			buildActionMask = 2147483647;
			files = (
				6F01C3C62E82800A006C5914 /* Preview Assets.xcassets in Resources */,
				6F01C3C32E82800A006C5914 /* Assets.xcassets in Resources */,
			);
			runOnlyForDeploymentPostprocessing = 0;
		};
		6F01C3C92E82800B006C5914 /* Resources */ = {
			isa = PBXResourcesBuildPhase;
			buildActionMask = 2147483647;
			files = (
			);
			runOnlyForDeploymentPostprocessing = 0;
		};
		6F01C3D32E82800B006C5914 /* Resources */ = {
			isa = PBXResourcesBuildPhase;
			buildActionMask = 2147483647;
			files = (
			);
			runOnlyForDeploymentPostprocessing = 0;
		};
/* End PBXResourcesBuildPhase section */

/* Begin PBXSourcesBuildPhase section */
		6F01C3B72E828007006C5914 /* Sources */ = {
			isa = PBXSourcesBuildPhase;
			buildActionMask = 2147483647;
			files = (
				6F01C3C12E828007006C5914 /* ContentView.swift in Sources */,
				6F01C3BF2E828007006C5914 /* helloApp.swift in Sources */,
			);
			runOnlyForDeploymentPostprocessing = 0;
		};
		6F01C3C72E82800B006C5914 /* Sources */ = {
			isa = PBXSourcesBuildPhase;
			buildActionMask = 2147483647;
			files = (
				6F01C3D02E82800B006C5914 /* helloTests.swift in Sources */,
			);
			runOnlyForDeploymentPostprocessing = 0;
		};
		6F01C3D12E82800B006C5914 /* Sources */ = {
			isa = PBXSourcesBuildPhase;
			buildActionMask = 2147483647;
			files = (
				6F01C3DA2E82800B006C5914 /* helloUITests.swift in Sources */,
				6F01C3DC2E82800B006C5914 /* helloUITestsLaunchTests.swift in Sources */,
			);
			runOnlyForDeploymentPostprocessing = 0;
		};
/* End PBXSourcesBuildPhase section */

/* Begin PBXTargetDependency section */
		6F01C3CD2E82800B006C5914 /* PBXTargetDependency */ = {
			isa = PBXTargetDependency;
			target = 6F01C3BA2E828007006C5914 /* hello */;
			targetProxy = 6F01C3CC2E82800B006C5914 /* PBXContainerItemProxy */;
		};
		6F01C3D72E82800B006C5914 /* PBXTargetDependency */ = {
			isa = PBXTargetDependency;
			target = 6F01C3BA2E828007006C5914 /* hello */;
			targetProxy = 6F01C3D62E82800B006C5914 /* PBXContainerItemProxy */;
		};
/* End PBXTargetDependency section */

/* Begin XCBuildConfiguration section */
		6F01C3DD2E82800B006C5914 /* Debug */ = {
			isa = XCBuildConfiguration;
			buildSettings = {
				ALWAYS_SEARCH_USER_PATHS = NO;
				ASSETCATALOG_COMPILER_GENERATE_SWIFT_ASSET_SYMBOL_EXTENSIONS = YES;
				CLANG_ANALYZER_NONNULL = YES;
				CLANG_ANALYZER_NUMBER_OBJECT_CONVERSION = YES_AGGRESSIVE;
				CLANG_CXX_LANGUAGE_STANDARD = "gnu++20";
				CLANG_ENABLE_MODULES = YES;
				CLANG_ENABLE_OBJC_ARC = YES;
				CLANG_ENABLE_OBJC_WEAK = YES;
				CLANG_WARN_BLOCK_CAPTURE_AUTORELEASING = YES;
				CLANG_WARN_BOOL_CONVERSION = YES;
				CLANG_WARN_COMMA = YES;
				CLANG_WARN_CONSTANT_CONVERSION = YES;
				CLANG_WARN_DEPRECATED_OBJC_IMPLEMENTATIONS = YES;
				CLANG_WARN_DIRECT_OBJC_ISA_USAGE = YES_ERROR;
				CLANG_WARN_DOCUMENTATION_COMMENTS = YES;
				CLANG_WARN_EMPTY_BODY = YES;
				CLANG_WARN_ENUM_CONVERSION = YES;
				CLANG_WARN_INFINITE_RECURSION = YES;
				CLANG_WARN_INT_CONVERSION = YES;
				CLANG_WARN_NON_LITERAL_NULL_CONVERSION = YES;
				CLANG_WARN_OBJC_IMPLICIT_RETAIN_SELF = YES;
				CLANG_WARN_OBJC_LITERAL_CONVERSION = YES;
				CLANG_WARN_OBJC_ROOT_CLASS = YES_ERROR;
				CLANG_WARN_QUOTED_INCLUDE_IN_FRAMEWORK_HEADER = YES;
				CLANG_WARN_RANGE_LOOP_ANALYSIS = YES;
				CLANG_WARN_STRICT_PROTOTYPES = YES;
				CLANG_WARN_SUSPICIOUS_MOVE = YES;
				CLANG_WARN_UNGUARDED_AVAILABILITY = YES_AGGRESSIVE;
				CLANG_WARN_UNREACHABLE_CODE = YES;
				CLANG_WARN__DUPLICATE_METHOD_MATCH = YES;
				COPY_PHASE_STRIP = NO;
				DEBUG_INFORMATION_FORMAT = dwarf;
				ENABLE_STRICT_OBJC_MSGSEND = YES;
				ENABLE_TESTABILITY = YES;
				ENABLE_USER_SCRIPT_SANDBOXING = YES;
				GCC_C_LANGUAGE_STANDARD = gnu17;
				GCC_DYNAMIC_NO_PIC = NO;
				GCC_NO_COMMON_BLOCKS = YES;
				GCC_OPTIMIZATION_LEVEL = 0;
				GCC_PREPROCESSOR_DEFINITIONS = (
					"DEBUG=1",
					"$(inherited)",
				);
				GCC_WARN_64_TO_32_BIT_CONVERSION = YES;
				GCC_WARN_ABOUT_RETURN_TYPE = YES_ERROR;
				GCC_WARN_UNDECLARED_SELECTOR = YES;
				GCC_WARN_UNINITIALIZED_AUTOS = YES_AGGRESSIVE;
				GCC_WARN_UNUSED_FUNCTION = YES;
				GCC_WARN_UNUSED_VARIABLE = YES;
				IPHONEOS_DEPLOYMENT_TARGET = 17.2;
				LOCALIZATION_PREFERS_STRING_CATALOGS = YES;
				MTL_ENABLE_DEBUG_INFO = INCLUDE_SOURCE;
				MTL_FAST_MATH = YES;
				ONLY_ACTIVE_ARCH = YES;
				SDKROOT = iphoneos;
				SWIFT_ACTIVE_COMPILATION_CONDITIONS = "DEBUG $(inherited)";
				SWIFT_OPTIMIZATION_LEVEL = "-Onone";
			};
			name = Debug;
		};
		6F01C3DE2E82800B006C5914 /* Release */ = {
			isa = XCBuildConfiguration;
			buildSettings = {
				ALWAYS_SEARCH_USER_PATHS = NO;
				ASSETCATALOG_COMPILER_GENERATE_SWIFT_ASSET_SYMBOL_EXTENSIONS = YES;
				CLANG_ANALYZER_NONNULL = YES;
				CLANG_ANALYZER_NUMBER_OBJECT_CONVERSION = YES_AGGRESSIVE;
				CLANG_CXX_LANGUAGE_STANDARD = "gnu++20";
				CLANG_ENABLE_MODULES = YES;
				CLANG_ENABLE_OBJC_ARC = YES;
				CLANG_ENABLE_OBJC_WEAK = YES;
				CLANG_WARN_BLOCK_CAPTURE_AUTORELEASING = YES;
				CLANG_WARN_BOOL_CONVERSION = YES;
				CLANG_WARN_COMMA = YES;
				CLANG_WARN_CONSTANT_CONVERSION = YES;
				CLANG_WARN_DEPRECATED_OBJC_IMPLEMENTATIONS = YES;
				CLANG_WARN_DIRECT_OBJC_ISA_USAGE = YES_ERROR;
				CLANG_WARN_DOCUMENTATION_COMMENTS = YES;
				CLANG_WARN_EMPTY_BODY = YES;
				CLANG_WARN_ENUM_CONVERSION = YES;
				CLANG_WARN_INFINITE_RECURSION = YES;
				CLANG_WARN_INT_CONVERSION = YES;
				CLANG_WARN_NON_LITERAL_NULL_CONVERSION = YES;
				CLANG_WARN_OBJC_IMPLICIT_RETAIN_SELF = YES;
				CLANG_WARN_OBJC_LITERAL_CONVERSION = YES;
				CLANG_WARN_OBJC_ROOT_CLASS = YES_ERROR;
				CLANG_WARN_QUOTED_INCLUDE_IN_FRAMEWORK_HEADER = YES;
				CLANG_WARN_RANGE_LOOP_ANALYSIS = YES;
				CLANG_WARN_STRICT_PROTOTYPES = YES;
				CLANG_WARN_SUSPICIOUS_MOVE = YES;
				CLANG_WARN_UNGUARDED_AVAILABILITY = YES_AGGRESSIVE;
				CLANG_WARN_UNREACHABLE_CODE = YES;
				CLANG_WARN__DUPLICATE_METHOD_MATCH = YES;
				COPY_PHASE_STRIP = NO;
				DEBUG_INFORMATION_FORMAT = "dwarf-with-dsym";
				ENABLE_NS_ASSERTIONS = NO;
				ENABLE_STRICT_OBJC_MSGSEND = YES;
				ENABLE_USER_SCRIPT_SANDBOXING = YES;
				GCC_C_LANGUAGE_STANDARD = gnu17;
				GCC_NO_COMMON_BLOCKS = YES;
				GCC_WARN_64_TO_32_BIT_CONVERSION = YES;
				GCC_WARN_ABOUT_RETURN_TYPE = YES_ERROR;
				GCC_WARN_UNDECLARED_SELECTOR = YES;
				GCC_WARN_UNINITIALIZED_AUTOS = YES_AGGRESSIVE;
				GCC_WARN_UNUSED_FUNCTION = YES;
				GCC_WARN_UNUSED_VARIABLE = YES;
				IPHONEOS_DEPLOYMENT_TARGET = 17.2;
				LOCALIZATION_PREFERS_STRING_CATALOGS = YES;
				MTL_ENABLE_DEBUG_INFO = NO;
				MTL_FAST_MATH = YES;
				SDKROOT = iphoneos;
				SWIFT_COMPILATION_MODE = wholemodule;
				VALIDATE_PRODUCT = YES;
			};
			name = Release;
		};
		6F01C3E02E82800B006C5914 /* Debug */ = {
			isa = XCBuildConfiguration;
			buildSettings = {
				ASSETCATALOG_COMPILER_APPICON_NAME = AppIcon;
				ASSETCATALOG_COMPILER_GLOBAL_ACCENT_COLOR_NAME = AccentColor;
				CODE_SIGN_STYLE = Automatic;
				CURRENT_PROJECT_VERSION = 1;
				DEVELOPMENT_ASSET_PATHS = "\"hello/Preview Content\"";
				ENABLE_PREVIEWS = YES;
				GENERATE_INFOPLIST_FILE = YES;
				INFOPLIST_KEY_UIApplicationSceneManifest_Generation = YES;
				INFOPLIST_KEY_UIApplicationSupportsIndirectInputEvents = YES;
				INFOPLIST_KEY_UILaunchScreen_Generation = YES;
				INFOPLIST_KEY_UISupportedInterfaceOrientations_iPad = "UIInterfaceOrientationPortrait UIInterfaceOrientationPortraitUpsideDown UIInterfaceOrientationLandscapeLeft UIInterfaceOrientationLandscapeRight";
				INFOPLIST_KEY_UISupportedInterfaceOrientations_iPhone = "UIInterfaceOrientationPortrait UIInterfaceOrientationLandscapeLeft UIInterfaceOrientationLandscapeRight";
				LD_RUNPATH_SEARCH_PATHS = (
					"$(inherited)",
					"@executable_path/Frameworks",
				);
				MARKETING_VERSION = 1.0;
				PRODUCT_BUNDLE_IDENTIFIER = com.Hello.hello;
				PRODUCT_NAME = "$(TARGET_NAME)";
				SWIFT_EMIT_LOC_STRINGS = YES;
				SWIFT_VERSION = 5.0;
				TARGETED_DEVICE_FAMILY = "1,2";
			};
			name = Debug;
		};
		6F01C3E12E82800B006C5914 /* Release */ = {
			isa = XCBuildConfiguration;
			buildSettings = {
				ASSETCATALOG_COMPILER_APPICON_NAME = AppIcon;
				ASSETCATALOG_COMPILER_GLOBAL_ACCENT_COLOR_NAME = AccentColor;
				CODE_SIGN_STYLE = Automatic;
				CURRENT_PROJECT_VERSION = 1;
				DEVELOPMENT_ASSET_PATHS = "\"hello/Preview Content\"";
				ENABLE_PREVIEWS = YES;
				GENERATE_INFOPLIST_FILE = YES;
				INFOPLIST_KEY_UIApplicationSceneManifest_Generation = YES;
				INFOPLIST_KEY_UIApplicationSupportsIndirectInputEvents = YES;
				INFOPLIST_KEY_UILaunchScreen_Generation = YES;
				INFOPLIST_KEY_UISupportedInterfaceOrientations_iPad = "UIInterfaceOrientationPortrait UIInterfaceOrientationPortraitUpsideDown UIInterfaceOrientationLandscapeLeft UIInterfaceOrientationLandscapeRight";
				INFOPLIST_KEY_UISupportedInterfaceOrientations_iPhone = "UIInterfaceOrientationPortrait UIInterfaceOrientationLandscapeLeft UIInterfaceOrientationLandscapeRight";
				LD_RUNPATH_SEARCH_PATHS = (
					"$(inherited)",
					"@executable_path/Frameworks",
				);
				MARKETING_VERSION = 1.0;
				PRODUCT_BUNDLE_IDENTIFIER = com.Hello.hello;
				PRODUCT_NAME = "$(TARGET_NAME)";
				SWIFT_EMIT_LOC_STRINGS = YES;
				SWIFT_VERSION = 5.0;
				TARGETED_DEVICE_FAMILY = "1,2";
			};
			name = Release;
		};
		6F01C3E32E82800B006C5914 /* Debug */ = {
			isa = XCBuildConfiguration;
			buildSettings = {
				ALWAYS_EMBED_SWIFT_STANDARD_LIBRARIES = YES;
				BUNDLE_LOADER = "$(TEST_HOST)";
				CODE_SIGN_STYLE = Automatic;
				CURRENT_PROJECT_VERSION = 1;
				GENERATE_INFOPLIST_FILE = YES;
				IPHONEOS_DEPLOYMENT_TARGET = 17.2;
				MARKETING_VERSION = 1.0;
				PRODUCT_BUNDLE_IDENTIFIER = com.Hello.helloTests;
				PRODUCT_NAME = "$(TARGET_NAME)";
				SWIFT_EMIT_LOC_STRINGS = NO;
				SWIFT_VERSION = 5.0;
				TARGETED_DEVICE_FAMILY = "1,2";
				TEST_HOST = "$(BUILT_PRODUCTS_DIR)/hello.app/$(BUNDLE_EXECUTABLE_FOLDER_PATH)/hello";
			};
			name = Debug;
		};
		6F01C3E42E82800B006C5914 /* Release */ = {
			isa = XCBuildConfiguration;
			buildSettings = {
				ALWAYS_EMBED_SWIFT_STANDARD_LIBRARIES = YES;
				BUNDLE_LOADER = "$(TEST_HOST)";
				CODE_SIGN_STYLE = Automatic;
				CURRENT_PROJECT_VERSION = 1;
				GENERATE_INFOPLIST_FILE = YES;
				IPHONEOS_DEPLOYMENT_TARGET = 17.2;
				MARKETING_VERSION = 1.0;
				PRODUCT_BUNDLE_IDENTIFIER = com.Hello.helloTests;
				PRODUCT_NAME = "$(TARGET_NAME)";
				SWIFT_EMIT_LOC_STRINGS = NO;
				SWIFT_VERSION = 5.0;
				TARGETED_DEVICE_FAMILY = "1,2";
				TEST_HOST = "$(BUILT_PRODUCTS_DIR)/hello.app/$(BUNDLE_EXECUTABLE_FOLDER_PATH)/hello";
			};
			name = Release;
		};
		6F01C3E62E82800B006C5914 /* Debug */ = {
			isa = XCBuildConfiguration;
			buildSettings = {
				ALWAYS_EMBED_SWIFT_STANDARD_LIBRARIES = YES;
				CODE_SIGN_STYLE = Automatic;
				CURRENT_PROJECT_VERSION = 1;
				GENERATE_INFOPLIST_FILE = YES;
				MARKETING_VERSION = 1.0;
				PRODUCT_BUNDLE_IDENTIFIER = com.Hello.helloUITests;
				PRODUCT_NAME = "$(TARGET_NAME)";
				SWIFT_EMIT_LOC_STRINGS = NO;
				SWIFT_VERSION = 5.0;
				TARGETED_DEVICE_FAMILY = "1,2";
				TEST_TARGET_NAME = hello;
			};
			name = Debug;
		};
		6F01C3E72E82800B006C5914 /* Release */ = {
			isa = XCBuildConfiguration;
			buildSettings = {
				ALWAYS_EMBED_SWIFT_STANDARD_LIBRARIES = YES;
				CODE_SIGN_STYLE = Automatic;
				CURRENT_PROJECT_VERSION = 1;
				GENERATE_INFOPLIST_FILE = YES;
				MARKETING_VERSION = 1.0;
				PRODUCT_BUNDLE_IDENTIFIER = com.Hello.helloUITests;
				PRODUCT_NAME = "$(TARGET_NAME)";
				SWIFT_EMIT_LOC_STRINGS = NO;
				SWIFT_VERSION = 5.0;
				TARGETED_DEVICE_FAMILY = "1,2";
				TEST_TARGET_NAME = hello;
			};
			name = Release;
		};
/* End XCBuildConfiguration section */

/* Begin XCConfigurationList section */
		6F01C3B62E828007006C5914 /* Build configuration list for PBXProject "hello" */ = {
			isa = XCConfigurationList;
			buildConfigurations = (
				6F01C3DD2E82800B006C5914 /* Debug */,
				6F01C3DE2E82800B006C5914 /* Release */,
			);
			defaultConfigurationIsVisible = 0;
			defaultConfigurationName = Release;
		};
		6F01C3DF2E82800B006C5914 /* Build configuration list for PBXNativeTarget "hello" */ = {
			isa = XCConfigurationList;
			buildConfigurations = (
				6F01C3E02E82800B006C5914 /* Debug */,
				6F01C3E12E82800B006C5914 /* Release */,
			);
			defaultConfigurationIsVisible = 0;
			defaultConfigurationName = Release;
		};
		6F01C3E22E82800B006C5914 /* Build configuration list for PBXNativeTarget "helloTests" */ = {
			isa = XCConfigurationList;
			buildConfigurations = (
				6F01C3E32E82800B006C5914 /* Debug */,
				6F01C3E42E82800B006C5914 /* Release */,
			);
			defaultConfigurationIsVisible = 0;
			defaultConfigurationName = Release;
		};
		6F01C3E52E82800B006C5914 /* Build configuration list for PBXNativeTarget "helloUITests" */ = {
			isa = XCConfigurationList;
			buildConfigurations = (
				6F01C3E62E82800B006C5914 /* Debug */,
				6F01C3E72E82800B006C5914 /* Release */,
			);
			defaultConfigurationIsVisible = 0;
			defaultConfigurationName = Release;
		};
/* End XCConfigurationList section */
	};
	rootObject = 6F01C3B32E828007006C5914 /* Project object */;
}
